
Microsoft Visual Studio Solution File, Format Version 12.00
# Visual Studio Version 17
VisualStudioVersion = 17.14.36121.58
MinimumVisualStudioVersion = 10.0.40219.1
Project("{FAE04EC0-301F-11D3-BF4B-00C04F79EFBC}") = "SendBulk", "SendBulk\SendBulk.csproj", "{EC852CBE-754B-4C4A-B6E9-B15770D2C441}"
EndProject
Project("{E24C65DC-7377-472B-9ABA-BC803B73C61A}") = "ToranjAPI", "..\ToranjAPI\", "{0968CB62-50B6-701A-0F5E-EB79DCE52227}"
	ProjectSection(WebsiteProperties) = preProject
		TargetFrameworkMoniker = ".NETFramework,Version%3Dv4.8"
		Debug.AspNetCompiler.VirtualPath = "/localhost_53429"
		Debug.AspNetCompiler.PhysicalPath = "..\ToranjAPI\"
		Debug.AspNetCompiler.TargetPath = "PrecompiledWeb\localhost_53429\"
		Debug.AspNetCompiler.Updateable = "true"
		Debug.AspNetCompiler.ForceOverwrite = "true"
		Debug.AspNetCompiler.FixedNames = "false"
		Debug.AspNetCompiler.Debug = "True"
		Release.AspNetCompiler.VirtualPath = "/localhost_53429"
		Release.AspNetCompiler.PhysicalPath = "..\ToranjAPI\"
		Release.AspNetCompiler.TargetPath = "PrecompiledWeb\localhost_53429\"
		Release.AspNetCompiler.Updateable = "true"
		Release.AspNetCompiler.ForceOverwrite = "true"
		Release.AspNetCompiler.FixedNames = "false"
		Release.AspNetCompiler.Debug = "False"
		VWDPort = "53429"
		SlnRelativePath = "..\ToranjAPI\"
	EndProjectSection
EndProject
Global
	GlobalSection(SolutionConfigurationPlatforms) = preSolution
		Debug|Any CPU = Debug|Any CPU
		Release|Any CPU = Release|Any CPU
	EndGlobalSection
	GlobalSection(ProjectConfigurationPlatforms) = postSolution
		{EC852CBE-754B-4C4A-B6E9-B15770D2C441}.Debug|Any CPU.ActiveCfg = Debug|Any CPU
		{EC852CBE-754B-4C4A-B6E9-B15770D2C441}.Debug|Any CPU.Build.0 = Debug|Any CPU
		{EC852CBE-754B-4C4A-B6E9-B15770D2C441}.Release|Any CPU.ActiveCfg = Release|Any CPU
		{EC852CBE-754B-4C4A-B6E9-B15770D2C441}.Release|Any CPU.Build.0 = Release|Any CPU
		{0968CB62-50B6-701A-0F5E-EB79DCE52227}.Debug|Any CPU.ActiveCfg = Debug|Any CPU
		{0968CB62-50B6-701A-0F5E-EB79DCE52227}.Debug|Any CPU.Build.0 = Debug|Any CPU
		{0968CB62-50B6-701A-0F5E-EB79DCE52227}.Release|Any CPU.ActiveCfg = Debug|Any CPU
		{0968CB62-50B6-701A-0F5E-EB79DCE52227}.Release|Any CPU.Build.0 = Debug|Any CPU
	EndGlobalSection
	GlobalSection(SolutionProperties) = preSolution
		HideSolutionNode = FALSE
	EndGlobalSection
	GlobalSection(ExtensibilityGlobals) = postSolution
		SolutionGuid = {1E52B352-5F09-464F-ABE2-D09E68BABA34}
	EndGlobalSection
EndGlobal
